
Microsoft Visual Studio Solution File, Format Version 12.00
# Visual Studio Version 17
VisualStudioVersion = 17.0.31903.59
MinimumVisualStudioVersion = 10.0.40219.1
Project("{FAE04EC0-301F-11D3-BF4B-00C04F79EFBC}") = "TEST PLC V3", "TEST PLC V3.csproj", "{0743F9EE-A025-44E7-BDB4-67547EF4C16D}"
EndProject
Global
	GlobalSection(SolutionConfigurationPlatforms) = preSolution
		Debug|Any CPU = Debug|Any CPU
		Release|Any CPU = Release|Any CPU
	EndGlobalSection
	GlobalSection(ProjectConfigurationPlatforms) = postSolution
		{0743F9EE-A025-44E7-BDB4-67547EF4C16D}.Debug|Any CPU.ActiveCfg = Debug|Any CPU
		{0743F9EE-A025-44E7-BDB4-67547EF4C16D}.Debug|Any CPU.Build.0 = Debug|Any CPU
		{0743F9EE-A025-44E7-BDB4-67547EF4C16D}.Release|Any CPU.ActiveCfg = Release|Any CPU
		{0743F9EE-A025-44E7-BDB4-67547EF4C16D}.Release|Any CPU.Build.0 = Release|Any CPU
	EndGlobalSection
	GlobalSection(SolutionProperties) = preSolution
		HideSolutionNode = FALSE
	EndGlobalSection
	GlobalSection(ExtensibilityGlobals) = postSolution
		SolutionGuid = {34E9FDDD-FC66-4BEB-8D82-6FE2DAA41A6E}
	EndGlobalSection
EndGlobal
